// !$*UTF8*$!
{
	archiveVersion = 1;
	classes = {
	};
	objectVersion = 60;
	objects = {

/* Begin PBXBuildFile section */
		2801F65218D70F2F00075E15 /* Item.m in Sources */ = {isa = PBXBuildFile; fileRef = 2801F65118D70F2F00075E15 /* Item.m */; };
		287EB50B302A7E3F00F5E725 /* MMFlowView in Frameworks */ = {isa = PBXBuildFile; productRef = 287EB50A302A7E3F00F5E725 /* MMFlowView */; };
		28DDDE6718D70B1E007B5664 /* Cocoa.framework in Frameworks */ = {isa = PBXBuildFile; fileRef = 28DDDE6618D70B1E007B5664 /* Cocoa.framework */; };
		28DDDE7118D70B1E007B5664 /* InfoPlist.strings in Resources */ = {isa = PBXBuildFile; fileRef = 28DDDE6F18D70B1E007B5664 /* InfoPlist.strings */; };
		28DDDE7318D70B1E007B5664 /* main.m in Sources */ = {isa = PBXBuildFile; fileRef = 28DDDE7218D70B1E007B5664 /* main.m */; };
		28DDDE7718D70B1E007B5664 /* Credits.rtf in Resources */ = {isa = PBXBuildFile; fileRef = 28DDDE7518D70B1E007B5664 /* Credits.rtf */; };
		28DDDE7A18D70B1E007B5664 /* AppDelegate.m in Sources */ = {isa = PBXBuildFile; fileRef = 28DDDE7918D70B1E007B5664 /* AppDelegate.m */; };
		28DDDE7D18D70B1E007B5664 /* MainMenu.xib in Resources */ = {isa = PBXBuildFile; fileRef = 28DDDE7B18D70B1E007B5664 /* MainMenu.xib */; };
		28DDDE7F18D70B1E007B5664 /* Images.xcassets in Resources */ = {isa = PBXBuildFile; fileRef = 28DDDE7E18D70B1E007B5664 /* Images.xcassets */; };
/* End PBXBuildFile section */

/* Begin PBXFileReference section */
		2801F65018D70F2F00075E15 /* Item.h */ = {isa = PBXFileReference; fileEncoding = 4; lastKnownFileType = sourcecode.c.h; path = Item.h; sourceTree = "<group>"; };
		2801F65118D70F2F00075E15 /* Item.m */ = {isa = PBXFileReference; fileEncoding = 4; lastKnownFileType = sourcecode.c.objc; path = Item.m; sourceTree = "<group>"; };
		28DDDE6318D70B1E007B5664 /* MMFlowViewDemo.app */ = {isa = PBXFileReference; explicitFileType = wrapper.application; includeInIndex = 0; path = MMFlowViewDemo.app; sourceTree = BUILT_PRODUCTS_DIR; };
		28DDDE6618D70B1E007B5664 /* Cocoa.framework */ = {isa = PBXFileReference; lastKnownFileType = wrapper.framework; name = Cocoa.framework; path = System/Library/Frameworks/Cocoa.framework; sourceTree = SDKROOT; };
		28DDDE6918D70B1E007B5664 /* AppKit.framework */ = {isa = PBXFileReference; lastKnownFileType = wrapper.framework; name = AppKit.framework; path = System/Library/Frameworks/AppKit.framework; sourceTree = SDKROOT; };
		28DDDE6A18D70B1E007B5664 /* CoreData.framework */ = {isa = PBXFileReference; lastKnownFileType = wrapper.framework; name = CoreData.framework; path = System/Library/Frameworks/CoreData.framework; sourceTree = SDKROOT; };
		28DDDE6B18D70B1E007B5664 /* Foundation.framework */ = {isa = PBXFileReference; lastKnownFileType = wrapper.framework; name = Foundation.framework; path = System/Library/Frameworks/Foundation.framework; sourceTree = SDKROOT; };
		28DDDE6E18D70B1E007B5664 /* MMFlowViewDemo-Info.plist */ = {isa = PBXFileReference; lastKnownFileType = text.plist.xml; path = "MMFlowViewDemo-Info.plist"; sourceTree = "<group>"; };
		28DDDE7018D70B1E007B5664 /* en */ = {isa = PBXFileReference; lastKnownFileType = text.plist.strings; name = en; path = en.lproj/InfoPlist.strings; sourceTree = "<group>"; };
		28DDDE7218D70B1E007B5664 /* main.m */ = {isa = PBXFileReference; lastKnownFileType = sourcecode.c.objc; path = main.m; sourceTree = "<group>"; };
		28DDDE7418D70B1E007B5664 /* MMFlowViewDemo-Prefix.pch */ = {isa = PBXFileReference; lastKnownFileType = sourcecode.c.h; path = "MMFlowViewDemo-Prefix.pch"; sourceTree = "<group>"; };
		28DDDE7618D70B1E007B5664 /* en */ = {isa = PBXFileReference; lastKnownFileType = text.rtf; name = en; path = en.lproj/Credits.rtf; sourceTree = "<group>"; };
		28DDDE7818D70B1E007B5664 /* AppDelegate.h */ = {isa = PBXFileReference; lastKnownFileType = sourcecode.c.h; path = AppDelegate.h; sourceTree = "<group>"; };
		28DDDE7918D70B1E007B5664 /* AppDelegate.m */ = {isa = PBXFileReference; lastKnownFileType = sourcecode.c.objc; path = AppDelegate.m; sourceTree = "<group>"; };
		28DDDE7C18D70B1E007B5664 /* Base */ = {isa = PBXFileReference; lastKnownFileType = file.xib; name = Base; path = Base.lproj/MainMenu.xib; sourceTree = "<group>"; };
		28DDDE7E18D70B1E007B5664 /* Images.xcassets */ = {isa = PBXFileReference; lastKnownFileType = folder.assetcatalog; path = Images.xcassets; sourceTree = "<group>"; };
		28DDDE8518D70B1E007B5664 /* XCTest.framework */ = {isa = PBXFileReference; lastKnownFileType = wrapper.framework; name = XCTest.framework; path = Library/Frameworks/XCTest.framework; sourceTree = DEVELOPER_DIR; };
/* End PBXFileReference section */

/* Begin PBXFrameworksBuildPhase section */
		28DDDE6018D70B1E007B5664 /* Frameworks */ = {
			isa = PBXFrameworksBuildPhase;
			buildActionMask = 2147483647;
			files = (
				28DDDE6718D70B1E007B5664 /* Cocoa.framework in Frameworks */,
				287EB50B302A7E3F00F5E725 /* MMFlowView in Frameworks */,
			);
			runOnlyForDeploymentPostprocessing = 0;
		};
/* End PBXFrameworksBuildPhase section */

/* Begin PBXGroup section */
		28DDDE5A18D70B1E007B5664 = {
			isa = PBXGroup;
			children = (
				28DDDE6C18D70B1E007B5664 /* MMFlowViewDemo */,
				28DDDE6518D70B1E007B5664 /* Frameworks */,
				28DDDE6418D70B1E007B5664 /* Products */,
			);
			sourceTree = "<group>";
		};
		28DDDE6418D70B1E007B5664 /* Products */ = {
			isa = PBXGroup;
			children = (
				28DDDE6318D70B1E007B5664 /* MMFlowViewDemo.app */,
			);
			name = Products;
			sourceTree = "<group>";
		};
		28DDDE6518D70B1E007B5664 /* Frameworks */ = {
			isa = PBXGroup;
			children = (
				28DDDE6618D70B1E007B5664 /* Cocoa.framework */,
				28DDDE8518D70B1E007B5664 /* XCTest.framework */,
				28DDDE6818D70B1E007B5664 /* Other Frameworks */,
			);
			name = Frameworks;
			sourceTree = "<group>";
		};
		28DDDE6818D70B1E007B5664 /* Other Frameworks */ = {
			isa = PBXGroup;
			children = (
				28DDDE6918D70B1E007B5664 /* AppKit.framework */,
				28DDDE6A18D70B1E007B5664 /* CoreData.framework */,
				28DDDE6B18D70B1E007B5664 /* Foundation.framework */,
			);
			name = "Other Frameworks";
			sourceTree = "<group>";
		};
		28DDDE6C18D70B1E007B5664 /* MMFlowViewDemo */ = {
			isa = PBXGroup;
			children = (
				2801F65018D70F2F00075E15 /* Item.h */,
				2801F65118D70F2F00075E15 /* Item.m */,
				28DDDE7818D70B1E007B5664 /* AppDelegate.h */,
				28DDDE7918D70B1E007B5664 /* AppDelegate.m */,
				28DDDE7B18D70B1E007B5664 /* MainMenu.xib */,
				28DDDE7E18D70B1E007B5664 /* Images.xcassets */,
				28DDDE6D18D70B1E007B5664 /* Supporting Files */,
			);
			path = MMFlowViewDemo;
			sourceTree = "<group>";
		};
		28DDDE6D18D70B1E007B5664 /* Supporting Files */ = {
			isa = PBXGroup;
			children = (
				28DDDE6E18D70B1E007B5664 /* MMFlowViewDemo-Info.plist */,
				28DDDE6F18D70B1E007B5664 /* InfoPlist.strings */,
				28DDDE7218D70B1E007B5664 /* main.m */,
				28DDDE7418D70B1E007B5664 /* MMFlowViewDemo-Prefix.pch */,
				28DDDE7518D70B1E007B5664 /* Credits.rtf */,
			);
			name = "Supporting Files";
			sourceTree = "<group>";
		};
/* End PBXGroup section */

/* Begin PBXNativeTarget section */
		28DDDE6218D70B1E007B5664 /* MMFlowViewDemo */ = {
			isa = PBXNativeTarget;
			buildConfigurationList = 28DDDE9418D70B1E007B5664 /* Build configuration list for PBXNativeTarget "MMFlowViewDemo" */;
			buildPhases = (
				28DDDE5F18D70B1E007B5664 /* Sources */,
				28DDDE6018D70B1E007B5664 /* Frameworks */,
				28DDDE6118D70B1E007B5664 /* Resources */,
			);
			buildRules = (
			);
			dependencies = (
			);
			name = MMFlowViewDemo;
			productName = MMFlowViewDemo;
			productReference = 28DDDE6318D70B1E007B5664 /* MMFlowViewDemo.app */;
			productType = "com.apple.product-type.application";
		};
/* End PBXNativeTarget section */

/* Begin PBXProject section */
		28DDDE5B18D70B1E007B5664 /* Project object */ = {
			isa = PBXProject;
			attributes = {
				BuildIndependentTargetsInParallel = YES;
				LastUpgradeCheck = 2660;
				ORGANIZATIONNAME = "Markus Müller";
			};
			buildConfigurationList = 28DDDE5E18D70B1E007B5664 /* Build configuration list for PBXProject "MMFlowViewDemo" */;
			compatibilityVersion = "Xcode 3.2";
			developmentRegion = English;
			hasScannedForEncodings = 0;
			knownRegions = (
				English,
				en,
				Base,
			);
			mainGroup = 28DDDE5A18D70B1E007B5664;
			packageReferences = (
				287EB509302A7E3F00F5E725 /* XCLocalSwiftPackageReference "../../MMFlowView" */,
			);
			productRefGroup = 28DDDE6418D70B1E007B5664 /* Products */;
			projectDirPath = "";
			projectRoot = "";
			targets = (
				28DDDE6218D70B1E007B5664 /* MMFlowViewDemo */,
			);
		};
/* End PBXProject section */

/* Begin PBXResourcesBuildPhase section */
		28DDDE6118D70B1E007B5664 /* Resources */ = {
			isa = PBXResourcesBuildPhase;
			buildActionMask = 2147483647;
			files = (
				28DDDE7118D70B1E007B5664 /* InfoPlist.strings in Resources */,
				28DDDE7F18D70B1E007B5664 /* Images.xcassets in Resources */,
				28DDDE7718D70B1E007B5664 /* Credits.rtf in Resources */,
				28DDDE7D18D70B1E007B5664 /* MainMenu.xib in Resources */,
			);
			runOnlyForDeploymentPostprocessing = 0;
		};
/* End PBXResourcesBuildPhase section */

/* Begin PBXSourcesBuildPhase section */
		28DDDE5F18D70B1E007B5664 /* Sources */ = {
			isa = PBXSourcesBuildPhase;
			buildActionMask = 2147483647;
			files = (
				2801F65218D70F2F00075E15 /* Item.m in Sources */,
				28DDDE7A18D70B1E007B5664 /* AppDelegate.m in Sources */,
				28DDDE7318D70B1E007B5664 /* main.m in Sources */,
			);
			runOnlyForDeploymentPostprocessing = 0;
		};
/* End PBXSourcesBuildPhase section */

/* Begin PBXVariantGroup section */
		28DDDE6F18D70B1E007B5664 /* InfoPlist.strings */ = {
			isa = PBXVariantGroup;
			children = (
				28DDDE7018D70B1E007B5664 /* en */,
			);
			name = InfoPlist.strings;
			sourceTree = "<group>";
		};
		28DDDE7518D70B1E007B5664 /* Credits.rtf */ = {
			isa = PBXVariantGroup;
			children = (
				28DDDE7618D70B1E007B5664 /* en */,
			);
			name = Credits.rtf;
			sourceTree = "<group>";
		};
		28DDDE7B18D70B1E007B5664 /* MainMenu.xib */ = {
			isa = PBXVariantGroup;
			children = (
				28DDDE7C18D70B1E007B5664 /* Base */,
			);
			name = MainMenu.xib;
			sourceTree = "<group>";
		};
/* End PBXVariantGroup section */

/* Begin XCBuildConfiguration section */
		28DDDE9218D70B1E007B5664 /* Debug */ = {
			isa = XCBuildConfiguration;
			buildSettings = {
				ALWAYS_SEARCH_USER_PATHS = NO;
				ARCHS = "$(ARCHS_STANDARD)";
				CLANG_ANALYZER_LOCALIZABILITY_NONLOCALIZED = YES;
				CLANG_ANALYZER_SECURITY_FLOATLOOPCOUNTER = YES;
				CLANG_ANALYZER_SECURITY_INSECUREAPI_RAND = YES;
				CLANG_ANALYZER_SECURITY_INSECUREAPI_STRCPY = YES;
				CLANG_CXX_LANGUAGE_STANDARD = "gnu++0x";
				CLANG_CXX_LIBRARY = "libc++";
				CLANG_ENABLE_MODULES = YES;
				CLANG_ENABLE_OBJC_ARC = YES;
				CLANG_STATIC_ANALYZER_MODE = deep;
				CLANG_WARN_BLOCK_CAPTURE_AUTORELEASING = YES;
				CLANG_WARN_BOOL_CONVERSION = YES;
				CLANG_WARN_COMMA = YES;
				CLANG_WARN_CONSTANT_CONVERSION = YES;
				CLANG_WARN_DEPRECATED_OBJC_IMPLEMENTATIONS = YES;
				CLANG_WARN_DIRECT_OBJC_ISA_USAGE = YES_ERROR;
				CLANG_WARN_DOCUMENTATION_COMMENTS = YES;
				CLANG_WARN_EMPTY_BODY = YES;
				CLANG_WARN_ENUM_CONVERSION = YES;
				CLANG_WARN_IMPLICIT_SIGN_CONVERSION = YES;
				CLANG_WARN_INFINITE_RECURSION = YES;
				CLANG_WARN_INT_CONVERSION = YES;
				CLANG_WARN_OBJC_IMPLICIT_RETAIN_SELF = YES;
				CLANG_WARN_OBJC_ROOT_CLASS = YES_ERROR;
				CLANG_WARN_QUOTED_INCLUDE_IN_FRAMEWORK_HEADER = YES;
				CLANG_WARN_RANGE_LOOP_ANALYSIS = YES;
				CLANG_WARN_STRICT_PROTOTYPES = YES;
				CLANG_WARN_SUSPICIOUS_IMPLICIT_CONVERSION = YES;
				CLANG_WARN_SUSPICIOUS_MOVE = YES;
				CLANG_WARN_UNREACHABLE_CODE = YES;
				CLANG_WARN__DUPLICATE_METHOD_MATCH = YES;
				COPY_PHASE_STRIP = NO;
				DEAD_CODE_STRIPPING = YES;
				ENABLE_STRICT_OBJC_MSGSEND = YES;
				ENABLE_TESTABILITY = YES;
				ENABLE_USER_SCRIPT_SANDBOXING = YES;
				GCC_C_LANGUAGE_STANDARD = gnu99;
				GCC_DYNAMIC_NO_PIC = NO;
				GCC_ENABLE_OBJC_EXCEPTIONS = YES;
				GCC_NO_COMMON_BLOCKS = YES;
				GCC_OPTIMIZATION_LEVEL = 0;
				GCC_PREPROCESSOR_DEFINITIONS = (
					"DEBUG=1",
					"$(inherited)",
				);
				GCC_SYMBOLS_PRIVATE_EXTERN = NO;
				GCC_TREAT_IMPLICIT_FUNCTION_DECLARATIONS_AS_ERRORS = NO;
				GCC_TREAT_WARNINGS_AS_ERRORS = YES;
				GCC_WARN_64_TO_32_BIT_CONVERSION = YES;
				GCC_WARN_ABOUT_MISSING_FIELD_INITIALIZERS = YES;
				GCC_WARN_ABOUT_MISSING_NEWLINE = YES;
				GCC_WARN_ABOUT_RETURN_TYPE = YES_ERROR;
				GCC_WARN_INITIALIZER_NOT_FULLY_BRACKETED = YES;
				GCC_WARN_SHADOW = YES;
				GCC_WARN_SIGN_COMPARE = YES;
				GCC_WARN_UNDECLARED_SELECTOR = YES;
				GCC_WARN_UNINITIALIZED_AUTOS = YES_AGGRESSIVE;
				GCC_WARN_UNUSED_FUNCTION = YES;
				GCC_WARN_UNUSED_LABEL = YES;
				GCC_WARN_UNUSED_VARIABLE = YES;
				MACOSX_DEPLOYMENT_TARGET = 10.13;
				ONLY_ACTIVE_ARCH = YES;
				RUN_CLANG_STATIC_ANALYZER = YES;
				SDKROOT = macosx;
				STRING_CATALOG_GENERATE_SYMBOLS = YES;
				WARNING_CFLAGS = (
					"-Wunreachable-code",
					"-Wextra",
					"-Wformat=2",
					"-Wno-unused-parameter",
				);
			};
			name = Debug;
		};
		28DDDE9318D70B1E007B5664 /* Release */ = {
			isa = XCBuildConfiguration;
			buildSettings = {
				ALWAYS_SEARCH_USER_PATHS = NO;
				ARCHS = "$(ARCHS_STANDARD)";
				CLANG_ANALYZER_LOCALIZABILITY_NONLOCALIZED = YES;
				CLANG_ANALYZER_SECURITY_FLOATLOOPCOUNTER = YES;
				CLANG_ANALYZER_SECURITY_INSECUREAPI_RAND = YES;
				CLANG_ANALYZER_SECURITY_INSECUREAPI_STRCPY = YES;
				CLANG_CXX_LANGUAGE_STANDARD = "gnu++0x";
				CLANG_CXX_LIBRARY = "libc++";
				CLANG_ENABLE_MODULES = YES;
				CLANG_ENABLE_OBJC_ARC = YES;
				CLANG_STATIC_ANALYZER_MODE = deep;
				CLANG_WARN_BLOCK_CAPTURE_AUTORELEASING = YES;
				CLANG_WARN_BOOL_CONVERSION = YES;
				CLANG_WARN_COMMA = YES;
				CLANG_WARN_CONSTANT_CONVERSION = YES;
				CLANG_WARN_DEPRECATED_OBJC_IMPLEMENTATIONS = YES;
				CLANG_WARN_DIRECT_OBJC_ISA_USAGE = YES_ERROR;
				CLANG_WARN_DOCUMENTATION_COMMENTS = YES;
				CLANG_WARN_EMPTY_BODY = YES;
				CLANG_WARN_ENUM_CONVERSION = YES;
				CLANG_WARN_IMPLICIT_SIGN_CONVERSION = YES;
				CLANG_WARN_INFINITE_RECURSION = YES;
				CLANG_WARN_INT_CONVERSION = YES;
				CLANG_WARN_OBJC_IMPLICIT_RETAIN_SELF = YES;
				CLANG_WARN_OBJC_ROOT_CLASS = YES_ERROR;
				CLANG_WARN_QUOTED_INCLUDE_IN_FRAMEWORK_HEADER = YES;
				CLANG_WARN_RANGE_LOOP_ANALYSIS = YES;
				CLANG_WARN_STRICT_PROTOTYPES = YES;
				CLANG_WARN_SUSPICIOUS_IMPLICIT_CONVERSION = YES;
				CLANG_WARN_SUSPICIOUS_MOVE = YES;
				CLANG_WARN_UNREACHABLE_CODE = YES;
				CLANG_WARN__DUPLICATE_METHOD_MATCH = YES;
				COPY_PHASE_STRIP = YES;
				DEAD_CODE_STRIPPING = YES;
				DEBUG_INFORMATION_FORMAT = "dwarf-with-dsym";
				ENABLE_NS_ASSERTIONS = NO;
				ENABLE_STRICT_OBJC_MSGSEND = YES;
				ENABLE_USER_SCRIPT_SANDBOXING = YES;
				GCC_C_LANGUAGE_STANDARD = gnu99;
				GCC_ENABLE_OBJC_EXCEPTIONS = YES;
				GCC_NO_COMMON_BLOCKS = YES;
				GCC_TREAT_IMPLICIT_FUNCTION_DECLARATIONS_AS_ERRORS = NO;
				GCC_TREAT_WARNINGS_AS_ERRORS = YES;
				GCC_WARN_64_TO_32_BIT_CONVERSION = YES;
				GCC_WARN_ABOUT_MISSING_FIELD_INITIALIZERS = YES;
				GCC_WARN_ABOUT_MISSING_NEWLINE = YES;
				GCC_WARN_ABOUT_RETURN_TYPE = YES_ERROR;
				GCC_WARN_INITIALIZER_NOT_FULLY_BRACKETED = YES;
				GCC_WARN_SHADOW = YES;
				GCC_WARN_SIGN_COMPARE = YES;
				GCC_WARN_UNDECLARED_SELECTOR = YES;
				GCC_WARN_UNINITIALIZED_AUTOS = YES_AGGRESSIVE;
				GCC_WARN_UNUSED_FUNCTION = YES;
				GCC_WARN_UNUSED_LABEL = YES;
				GCC_WARN_UNUSED_VARIABLE = YES;
				MACOSX_DEPLOYMENT_TARGET = 10.13;
				RUN_CLANG_STATIC_ANALYZER = YES;
				SDKROOT = macosx;
				STRING_CATALOG_GENERATE_SYMBOLS = YES;
				WARNING_CFLAGS = (
					"-Wunreachable-code",
					"-Wextra",
					"-Wformat=2",
					"-Wno-unused-parameter",
				);
			};
			name = Release;
		};
		28DDDE9518D70B1E007B5664 /* Debug */ = {
			isa = XCBuildConfiguration;
			buildSettings = {
				GCC_TREAT_WARNINGS_AS_ERRORS = NO;
				ASSETCATALOG_COMPILER_APPICON_NAME = AppIcon;
				CLANG_WARN_DOCUMENTATION_COMMENTS = YES;
				COMBINE_HIDPI_IMAGES = YES;
				DEAD_CODE_STRIPPING = YES;
				GCC_PRECOMPILE_PREFIX_HEADER = YES;
				GCC_PREFIX_HEADER = "MMFlowViewDemo/MMFlowViewDemo-Prefix.pch";
				INFOPLIST_FILE = "MMFlowViewDemo/MMFlowViewDemo-Info.plist";
				MACOSX_DEPLOYMENT_TARGET = 11.0;
				PRODUCT_BUNDLE_IDENTIFIER = "com.isnotnil.${PRODUCT_NAME:rfc1034identifier}";
				PRODUCT_NAME = "$(TARGET_NAME)";
				WRAPPER_EXTENSION = app;
			};
			name = Debug;
		};
		28DDDE9618D70B1E007B5664 /* Release */ = {
			isa = XCBuildConfiguration;
			buildSettings = {
				GCC_TREAT_WARNINGS_AS_ERRORS = NO;
				ASSETCATALOG_COMPILER_APPICON_NAME = AppIcon;
				CLANG_WARN_DOCUMENTATION_COMMENTS = YES;
				COMBINE_HIDPI_IMAGES = YES;
				DEAD_CODE_STRIPPING = YES;
				GCC_PRECOMPILE_PREFIX_HEADER = YES;
				GCC_PREFIX_HEADER = "MMFlowViewDemo/MMFlowViewDemo-Prefix.pch";
				INFOPLIST_FILE = "MMFlowViewDemo/MMFlowViewDemo-Info.plist";
				MACOSX_DEPLOYMENT_TARGET = 11.0;
				PRODUCT_BUNDLE_IDENTIFIER = "com.isnotnil.${PRODUCT_NAME:rfc1034identifier}";
				PRODUCT_NAME = "$(TARGET_NAME)";
				WRAPPER_EXTENSION = app;
			};
			name = Release;
		};
/* End XCBuildConfiguration section */

/* Begin XCConfigurationList section */
		28DDDE5E18D70B1E007B5664 /* Build configuration list for PBXProject "MMFlowViewDemo" */ = {
			isa = XCConfigurationList;
			buildConfigurations = (
				28DDDE9218D70B1E007B5664 /* Debug */,
				28DDDE9318D70B1E007B5664 /* Release */,
			);
			defaultConfigurationIsVisible = 0;
			defaultConfigurationName = Release;
		};
		28DDDE9418D70B1E007B5664 /* Build configuration list for PBXNativeTarget "MMFlowViewDemo" */ = {
			isa = XCConfigurationList;
			buildConfigurations = (
				28DDDE9518D70B1E007B5664 /* Debug */,
				28DDDE9618D70B1E007B5664 /* Release */,
			);
			defaultConfigurationIsVisible = 0;
			defaultConfigurationName = Release;
		};
/* End XCConfigurationList section */

/* Begin XCLocalSwiftPackageReference section */
		287EB509302A7E3F00F5E725 /* XCLocalSwiftPackageReference "../../MMFlowView" */ = {
			isa = XCLocalSwiftPackageReference;
			relativePath = ../../MMFlowView;
		};
/* End XCLocalSwiftPackageReference section */

/* Begin XCSwiftPackageProductDependency section */
		287EB50A302A7E3F00F5E725 /* MMFlowView */ = {
			isa = XCSwiftPackageProductDependency;
			productName = MMFlowView;
		};
/* End XCSwiftPackageProductDependency section */
	};
	rootObject = 28DDDE5B18D70B1E007B5664 /* Project object */;
}
