// !$*UTF8*$!
{
	archiveVersion = 1;
	classes = {
	};
	objectVersion = 46;
	objects = {

/* Begin PBXBuildFile section */
		287F73C216308E2D0004BA0F /* Quartz.framework in Frameworks */ = {isa = PBXBuildFile; fileRef = 287F73C116308E2D0004BA0F /* Quartz.framework */; };
		287F73C416308E320004BA0F /* Cocoa.framework in Frameworks */ = {isa = PBXBuildFile; fileRef = 287F73C316308E320004BA0F /* Cocoa.framework */; };
		287F73C616308E360004BA0F /* QTKit.framework in Frameworks */ = {isa = PBXBuildFile; fileRef = 287F73C516308E360004BA0F /* QTKit.framework */; };
		287F73C816308E620004BA0F /* AppKit.framework in Frameworks */ = {isa = PBXBuildFile; fileRef = 287F73C716308E620004BA0F /* AppKit.framework */; };
		287F73CA16308E680004BA0F /* CoreData.framework in Frameworks */ = {isa = PBXBuildFile; fileRef = 287F73C916308E680004BA0F /* CoreData.framework */; };
		287F73CC16308E700004BA0F /* Foundation.framework in Frameworks */ = {isa = PBXBuildFile; fileRef = 287F73CB16308E700004BA0F /* Foundation.framework */; };
		287F73CE16308E7E0004BA0F /* QuartzCore.framework in Frameworks */ = {isa = PBXBuildFile; fileRef = 287F73CD16308E7E0004BA0F /* QuartzCore.framework */; };
		288591B5173967BE000E04EF /* MMButtonLayer.m in Sources */ = {isa = PBXBuildFile; fileRef = 288591B4173967BE000E04EF /* MMButtonLayer.m */; };
		288591B8173968AE000E04EF /* MMVideoOverlayLayer.m in Sources */ = {isa = PBXBuildFile; fileRef = 288591B7173968AD000E04EF /* MMVideoOverlayLayer.m */; };
		288591BB17398F18000E04EF /* MMLayerAccessibilityHelper.m in Sources */ = {isa = PBXBuildFile; fileRef = 288591BA17398F18000E04EF /* MMLayerAccessibilityHelper.m */; };
		288591BE17398F88000E04EF /* NSColor+MMAdditions.m in Sources */ = {isa = PBXBuildFile; fileRef = 288591BD17398F88000E04EF /* NSColor+MMAdditions.m */; };
		28DEFC0215AEEE9A0096FBA4 /* InfoPlist.strings in Resources */ = {isa = PBXBuildFile; fileRef = 28DEFC0015AEEE9A0096FBA4 /* InfoPlist.strings */; };
		28DEFC0415AEEE9A0096FBA4 /* main.m in Sources */ = {isa = PBXBuildFile; fileRef = 28DEFC0315AEEE9A0096FBA4 /* main.m */; };
		28DEFC0815AEEE9A0096FBA4 /* Credits.rtf in Resources */ = {isa = PBXBuildFile; fileRef = 28DEFC0615AEEE9A0096FBA4 /* Credits.rtf */; };
		28DEFC0B15AEEE9A0096FBA4 /* AppDelegate.m in Sources */ = {isa = PBXBuildFile; fileRef = 28DEFC0A15AEEE9A0096FBA4 /* AppDelegate.m */; };
		28DEFC0E15AEEE9B0096FBA4 /* MainMenu.xib in Resources */ = {isa = PBXBuildFile; fileRef = 28DEFC0C15AEEE9B0096FBA4 /* MainMenu.xib */; };
		28DEFC1E15AEEF010096FBA4 /* Item.m in Sources */ = {isa = PBXBuildFile; fileRef = 28DEFC1D15AEEF010096FBA4 /* Item.m */; };
		28DEFC2215AEEF300096FBA4 /* MMFlowView.m in Sources */ = {isa = PBXBuildFile; fileRef = 28DEFC2115AEEF300096FBA4 /* MMFlowView.m */; };
/* End PBXBuildFile section */

/* Begin PBXFileReference section */
		287F73C116308E2D0004BA0F /* Quartz.framework */ = {isa = PBXFileReference; lastKnownFileType = wrapper.framework; name = Quartz.framework; path = Platforms/MacOSX.platform/Developer/SDKs/MacOSX10.7.sdk/System/Library/Frameworks/Quartz.framework; sourceTree = DEVELOPER_DIR; };
		287F73C316308E320004BA0F /* Cocoa.framework */ = {isa = PBXFileReference; lastKnownFileType = wrapper.framework; name = Cocoa.framework; path = Platforms/MacOSX.platform/Developer/SDKs/MacOSX10.7.sdk/System/Library/Frameworks/Cocoa.framework; sourceTree = DEVELOPER_DIR; };
		287F73C516308E360004BA0F /* QTKit.framework */ = {isa = PBXFileReference; lastKnownFileType = wrapper.framework; name = QTKit.framework; path = Platforms/MacOSX.platform/Developer/SDKs/MacOSX10.7.sdk/System/Library/Frameworks/QTKit.framework; sourceTree = DEVELOPER_DIR; };
		287F73C716308E620004BA0F /* AppKit.framework */ = {isa = PBXFileReference; lastKnownFileType = wrapper.framework; name = AppKit.framework; path = Platforms/MacOSX.platform/Developer/SDKs/MacOSX10.7.sdk/System/Library/Frameworks/AppKit.framework; sourceTree = DEVELOPER_DIR; };
		287F73C916308E680004BA0F /* CoreData.framework */ = {isa = PBXFileReference; lastKnownFileType = wrapper.framework; name = CoreData.framework; path = Platforms/MacOSX.platform/Developer/SDKs/MacOSX10.7.sdk/System/Library/Frameworks/CoreData.framework; sourceTree = DEVELOPER_DIR; };
		287F73CB16308E700004BA0F /* Foundation.framework */ = {isa = PBXFileReference; lastKnownFileType = wrapper.framework; name = Foundation.framework; path = Platforms/MacOSX.platform/Developer/SDKs/MacOSX10.7.sdk/System/Library/Frameworks/Foundation.framework; sourceTree = DEVELOPER_DIR; };
		287F73CD16308E7E0004BA0F /* QuartzCore.framework */ = {isa = PBXFileReference; lastKnownFileType = wrapper.framework; name = QuartzCore.framework; path = Platforms/MacOSX.platform/Developer/SDKs/MacOSX10.7.sdk/System/Library/Frameworks/QuartzCore.framework; sourceTree = DEVELOPER_DIR; };
		288591B3173967BE000E04EF /* MMButtonLayer.h */ = {isa = PBXFileReference; fileEncoding = 4; lastKnownFileType = sourcecode.c.h; name = MMButtonLayer.h; path = MMFlowView/MMButtonLayer.h; sourceTree = "<group>"; };
		288591B4173967BE000E04EF /* MMButtonLayer.m */ = {isa = PBXFileReference; fileEncoding = 4; lastKnownFileType = sourcecode.c.objc; name = MMButtonLayer.m; path = MMFlowView/MMButtonLayer.m; sourceTree = "<group>"; };
		288591B6173968AD000E04EF /* MMVideoOverlayLayer.h */ = {isa = PBXFileReference; fileEncoding = 4; lastKnownFileType = sourcecode.c.h; name = MMVideoOverlayLayer.h; path = MMFlowView/MMVideoOverlayLayer.h; sourceTree = "<group>"; };
		288591B7173968AD000E04EF /* MMVideoOverlayLayer.m */ = {isa = PBXFileReference; fileEncoding = 4; lastKnownFileType = sourcecode.c.objc; name = MMVideoOverlayLayer.m; path = MMFlowView/MMVideoOverlayLayer.m; sourceTree = "<group>"; };
		288591B917398F18000E04EF /* MMLayerAccessibilityHelper.h */ = {isa = PBXFileReference; fileEncoding = 4; lastKnownFileType = sourcecode.c.h; name = MMLayerAccessibilityHelper.h; path = MMFlowView/MMLayerAccessibilityHelper.h; sourceTree = "<group>"; };
		288591BA17398F18000E04EF /* MMLayerAccessibilityHelper.m */ = {isa = PBXFileReference; fileEncoding = 4; lastKnownFileType = sourcecode.c.objc; name = MMLayerAccessibilityHelper.m; path = MMFlowView/MMLayerAccessibilityHelper.m; sourceTree = "<group>"; };
		288591BC17398F88000E04EF /* NSColor+MMAdditions.h */ = {isa = PBXFileReference; fileEncoding = 4; lastKnownFileType = sourcecode.c.h; name = "NSColor+MMAdditions.h"; path = "MMFlowView/NSColor+MMAdditions.h"; sourceTree = "<group>"; };
		288591BD17398F88000E04EF /* NSColor+MMAdditions.m */ = {isa = PBXFileReference; fileEncoding = 4; lastKnownFileType = sourcecode.c.objc; name = "NSColor+MMAdditions.m"; path = "MMFlowView/NSColor+MMAdditions.m"; sourceTree = "<group>"; };
		28DEFBF315AEEE9A0096FBA4 /* MMFlowViewDemo.app */ = {isa = PBXFileReference; explicitFileType = wrapper.application; includeInIndex = 0; path = MMFlowViewDemo.app; sourceTree = BUILT_PRODUCTS_DIR; };
		28DEFBFF15AEEE9A0096FBA4 /* MMFlowViewDemo-Info.plist */ = {isa = PBXFileReference; lastKnownFileType = text.plist.xml; path = "MMFlowViewDemo-Info.plist"; sourceTree = "<group>"; };
		28DEFC0115AEEE9A0096FBA4 /* en */ = {isa = PBXFileReference; lastKnownFileType = text.plist.strings; name = en; path = en.lproj/InfoPlist.strings; sourceTree = "<group>"; };
		28DEFC0315AEEE9A0096FBA4 /* main.m */ = {isa = PBXFileReference; lastKnownFileType = sourcecode.c.objc; path = main.m; sourceTree = "<group>"; };
		28DEFC0515AEEE9A0096FBA4 /* MMFlowViewDemo-Prefix.pch */ = {isa = PBXFileReference; lastKnownFileType = sourcecode.c.h; path = "MMFlowViewDemo-Prefix.pch"; sourceTree = "<group>"; };
		28DEFC0715AEEE9A0096FBA4 /* en */ = {isa = PBXFileReference; lastKnownFileType = text.rtf; name = en; path = en.lproj/Credits.rtf; sourceTree = "<group>"; };
		28DEFC0915AEEE9A0096FBA4 /* AppDelegate.h */ = {isa = PBXFileReference; lastKnownFileType = sourcecode.c.h; path = AppDelegate.h; sourceTree = "<group>"; };
		28DEFC0A15AEEE9A0096FBA4 /* AppDelegate.m */ = {isa = PBXFileReference; lastKnownFileType = sourcecode.c.objc; path = AppDelegate.m; sourceTree = "<group>"; };
		28DEFC0D15AEEE9B0096FBA4 /* en */ = {isa = PBXFileReference; lastKnownFileType = file.xib; name = en; path = en.lproj/MainMenu.xib; sourceTree = "<group>"; };
		28DEFC1C15AEEF010096FBA4 /* Item.h */ = {isa = PBXFileReference; fileEncoding = 4; lastKnownFileType = sourcecode.c.h; path = Item.h; sourceTree = "<group>"; };
		28DEFC1D15AEEF010096FBA4 /* Item.m */ = {isa = PBXFileReference; fileEncoding = 4; lastKnownFileType = sourcecode.c.objc; path = Item.m; sourceTree = "<group>"; };
		28DEFC2015AEEF300096FBA4 /* MMFlowView.h */ = {isa = PBXFileReference; fileEncoding = 4; lastKnownFileType = sourcecode.c.h; name = MMFlowView.h; path = MMFlowView/MMFlowView.h; sourceTree = "<group>"; };
		28DEFC2115AEEF300096FBA4 /* MMFlowView.m */ = {isa = PBXFileReference; fileEncoding = 4; lastKnownFileType = sourcecode.c.objc; name = MMFlowView.m; path = MMFlowView/MMFlowView.m; sourceTree = "<group>"; };
/* End PBXFileReference section */

/* Begin PBXFrameworksBuildPhase section */
		28DEFBF015AEEE9A0096FBA4 /* Frameworks */ = {
			isa = PBXFrameworksBuildPhase;
			buildActionMask = 2147483647;
			files = (
				287F73CE16308E7E0004BA0F /* QuartzCore.framework in Frameworks */,
				287F73CC16308E700004BA0F /* Foundation.framework in Frameworks */,
				287F73CA16308E680004BA0F /* CoreData.framework in Frameworks */,
				287F73C816308E620004BA0F /* AppKit.framework in Frameworks */,
				287F73C616308E360004BA0F /* QTKit.framework in Frameworks */,
				287F73C416308E320004BA0F /* Cocoa.framework in Frameworks */,
				287F73C216308E2D0004BA0F /* Quartz.framework in Frameworks */,
			);
			runOnlyForDeploymentPostprocessing = 0;
		};
/* End PBXFrameworksBuildPhase section */

/* Begin PBXGroup section */
		288591B21739675B000E04EF /* MMFlowView */ = {
			isa = PBXGroup;
			children = (
				28DEFC2015AEEF300096FBA4 /* MMFlowView.h */,
				28DEFC2115AEEF300096FBA4 /* MMFlowView.m */,
				288591B3173967BE000E04EF /* MMButtonLayer.h */,
				288591B4173967BE000E04EF /* MMButtonLayer.m */,
				288591B6173968AD000E04EF /* MMVideoOverlayLayer.h */,
				288591B7173968AD000E04EF /* MMVideoOverlayLayer.m */,
				288591B917398F18000E04EF /* MMLayerAccessibilityHelper.h */,
				288591BA17398F18000E04EF /* MMLayerAccessibilityHelper.m */,
				288591BC17398F88000E04EF /* NSColor+MMAdditions.h */,
				288591BD17398F88000E04EF /* NSColor+MMAdditions.m */,
			);
			name = MMFlowView;
			sourceTree = "<group>";
		};
		28DEFBE815AEEE9A0096FBA4 = {
			isa = PBXGroup;
			children = (
				288591B21739675B000E04EF /* MMFlowView */,
				28DEFBFD15AEEE9A0096FBA4 /* MMFlowViewDemo */,
				28DEFBF615AEEE9A0096FBA4 /* Frameworks */,
				28DEFBF415AEEE9A0096FBA4 /* Products */,
			);
			sourceTree = "<group>";
		};
		28DEFBF415AEEE9A0096FBA4 /* Products */ = {
			isa = PBXGroup;
			children = (
				28DEFBF315AEEE9A0096FBA4 /* MMFlowViewDemo.app */,
			);
			name = Products;
			sourceTree = "<group>";
		};
		28DEFBF615AEEE9A0096FBA4 /* Frameworks */ = {
			isa = PBXGroup;
			children = (
				28DEFBF915AEEE9A0096FBA4 /* Other Frameworks */,
			);
			name = Frameworks;
			sourceTree = "<group>";
		};
		28DEFBF915AEEE9A0096FBA4 /* Other Frameworks */ = {
			isa = PBXGroup;
			children = (
				287F73CD16308E7E0004BA0F /* QuartzCore.framework */,
				287F73CB16308E700004BA0F /* Foundation.framework */,
				287F73C916308E680004BA0F /* CoreData.framework */,
				287F73C716308E620004BA0F /* AppKit.framework */,
				287F73C516308E360004BA0F /* QTKit.framework */,
				287F73C316308E320004BA0F /* Cocoa.framework */,
				287F73C116308E2D0004BA0F /* Quartz.framework */,
			);
			name = "Other Frameworks";
			sourceTree = "<group>";
		};
		28DEFBFD15AEEE9A0096FBA4 /* MMFlowViewDemo */ = {
			isa = PBXGroup;
			children = (
				28DEFC1C15AEEF010096FBA4 /* Item.h */,
				28DEFC1D15AEEF010096FBA4 /* Item.m */,
				28DEFC0915AEEE9A0096FBA4 /* AppDelegate.h */,
				28DEFC0A15AEEE9A0096FBA4 /* AppDelegate.m */,
				28DEFC0C15AEEE9B0096FBA4 /* MainMenu.xib */,
				28DEFBFE15AEEE9A0096FBA4 /* Supporting Files */,
			);
			path = MMFlowViewDemo;
			sourceTree = "<group>";
		};
		28DEFBFE15AEEE9A0096FBA4 /* Supporting Files */ = {
			isa = PBXGroup;
			children = (
				28DEFBFF15AEEE9A0096FBA4 /* MMFlowViewDemo-Info.plist */,
				28DEFC0015AEEE9A0096FBA4 /* InfoPlist.strings */,
				28DEFC0315AEEE9A0096FBA4 /* main.m */,
				28DEFC0515AEEE9A0096FBA4 /* MMFlowViewDemo-Prefix.pch */,
				28DEFC0615AEEE9A0096FBA4 /* Credits.rtf */,
			);
			name = "Supporting Files";
			sourceTree = "<group>";
		};
/* End PBXGroup section */

/* Begin PBXNativeTarget section */
		28DEFBF215AEEE9A0096FBA4 /* MMFlowViewDemo */ = {
			isa = PBXNativeTarget;
			buildConfigurationList = 28DEFC1115AEEE9B0096FBA4 /* Build configuration list for PBXNativeTarget "MMFlowViewDemo" */;
			buildPhases = (
				28DEFBEF15AEEE9A0096FBA4 /* Sources */,
				28DEFBF015AEEE9A0096FBA4 /* Frameworks */,
				28DEFBF115AEEE9A0096FBA4 /* Resources */,
			);
			buildRules = (
			);
			dependencies = (
			);
			name = MMFlowViewDemo;
			productName = MMFlowViewDemo;
			productReference = 28DEFBF315AEEE9A0096FBA4 /* MMFlowViewDemo.app */;
			productType = "com.apple.product-type.application";
		};
/* End PBXNativeTarget section */

/* Begin PBXProject section */
		28DEFBEA15AEEE9A0096FBA4 /* Project object */ = {
			isa = PBXProject;
			attributes = {
				LastUpgradeCheck = 0430;
				ORGANIZATIONNAME = www.isnotnil.com;
			};
			buildConfigurationList = 28DEFBED15AEEE9A0096FBA4 /* Build configuration list for PBXProject "MMFlowViewDemo" */;
			compatibilityVersion = "Xcode 3.2";
			developmentRegion = English;
			hasScannedForEncodings = 0;
			knownRegions = (
				en,
			);
			mainGroup = 28DEFBE815AEEE9A0096FBA4;
			productRefGroup = 28DEFBF415AEEE9A0096FBA4 /* Products */;
			projectDirPath = "";
			projectRoot = "";
			targets = (
				28DEFBF215AEEE9A0096FBA4 /* MMFlowViewDemo */,
			);
		};
/* End PBXProject section */

/* Begin PBXResourcesBuildPhase section */
		28DEFBF115AEEE9A0096FBA4 /* Resources */ = {
			isa = PBXResourcesBuildPhase;
			buildActionMask = 2147483647;
			files = (
				28DEFC0215AEEE9A0096FBA4 /* InfoPlist.strings in Resources */,
				28DEFC0815AEEE9A0096FBA4 /* Credits.rtf in Resources */,
				28DEFC0E15AEEE9B0096FBA4 /* MainMenu.xib in Resources */,
			);
			runOnlyForDeploymentPostprocessing = 0;
		};
/* End PBXResourcesBuildPhase section */

/* Begin PBXSourcesBuildPhase section */
		28DEFBEF15AEEE9A0096FBA4 /* Sources */ = {
			isa = PBXSourcesBuildPhase;
			buildActionMask = 2147483647;
			files = (
				28DEFC0415AEEE9A0096FBA4 /* main.m in Sources */,
				28DEFC0B15AEEE9A0096FBA4 /* AppDelegate.m in Sources */,
				28DEFC1E15AEEF010096FBA4 /* Item.m in Sources */,
				28DEFC2215AEEF300096FBA4 /* MMFlowView.m in Sources */,
				288591B5173967BE000E04EF /* MMButtonLayer.m in Sources */,
				288591B8173968AE000E04EF /* MMVideoOverlayLayer.m in Sources */,
				288591BB17398F18000E04EF /* MMLayerAccessibilityHelper.m in Sources */,
				288591BE17398F88000E04EF /* NSColor+MMAdditions.m in Sources */,
			);
			runOnlyForDeploymentPostprocessing = 0;
		};
/* End PBXSourcesBuildPhase section */

/* Begin PBXVariantGroup section */
		28DEFC0015AEEE9A0096FBA4 /* InfoPlist.strings */ = {
			isa = PBXVariantGroup;
			children = (
				28DEFC0115AEEE9A0096FBA4 /* en */,
			);
			name = InfoPlist.strings;
			sourceTree = "<group>";
		};
		28DEFC0615AEEE9A0096FBA4 /* Credits.rtf */ = {
			isa = PBXVariantGroup;
			children = (
				28DEFC0715AEEE9A0096FBA4 /* en */,
			);
			name = Credits.rtf;
			sourceTree = "<group>";
		};
		28DEFC0C15AEEE9B0096FBA4 /* MainMenu.xib */ = {
			isa = PBXVariantGroup;
			children = (
				28DEFC0D15AEEE9B0096FBA4 /* en */,
			);
			name = MainMenu.xib;
			sourceTree = "<group>";
		};
/* End PBXVariantGroup section */

/* Begin XCBuildConfiguration section */
		28DEFC0F15AEEE9B0096FBA4 /* Debug */ = {
			isa = XCBuildConfiguration;
			buildSettings = {
				ALWAYS_SEARCH_USER_PATHS = NO;
				ARCHS = "$(ARCHS_STANDARD_32_64_BIT)";
				COPY_PHASE_STRIP = NO;
				GCC_C_LANGUAGE_STANDARD = gnu99;
				GCC_DYNAMIC_NO_PIC = NO;
				GCC_ENABLE_OBJC_EXCEPTIONS = YES;
				GCC_OPTIMIZATION_LEVEL = 0;
				GCC_PREPROCESSOR_DEFINITIONS = (
					"DEBUG=1",
					"$(inherited)",
				);
				GCC_SYMBOLS_PRIVATE_EXTERN = NO;
				GCC_VERSION = com.apple.compilers.llvm.clang.1_0;
				GCC_WARN_64_TO_32_BIT_CONVERSION = YES;
				GCC_WARN_ABOUT_RETURN_TYPE = YES;
				GCC_WARN_UNINITIALIZED_AUTOS = YES;
				GCC_WARN_UNUSED_VARIABLE = YES;
				MACOSX_DEPLOYMENT_TARGET = 10.6;
				ONLY_ACTIVE_ARCH = YES;
				SDKROOT = macosx;
			};
			name = Debug;
		};
		28DEFC1015AEEE9B0096FBA4 /* Release */ = {
			isa = XCBuildConfiguration;
			buildSettings = {
				ALWAYS_SEARCH_USER_PATHS = NO;
				ARCHS = "$(ARCHS_STANDARD_32_64_BIT)";
				COPY_PHASE_STRIP = YES;
				DEBUG_INFORMATION_FORMAT = "dwarf-with-dsym";
				GCC_C_LANGUAGE_STANDARD = gnu99;
				GCC_ENABLE_OBJC_EXCEPTIONS = YES;
				GCC_VERSION = com.apple.compilers.llvm.clang.1_0;
				GCC_WARN_64_TO_32_BIT_CONVERSION = YES;
				GCC_WARN_ABOUT_RETURN_TYPE = YES;
				GCC_WARN_UNINITIALIZED_AUTOS = YES;
				GCC_WARN_UNUSED_VARIABLE = YES;
				MACOSX_DEPLOYMENT_TARGET = 10.6;
				SDKROOT = macosx;
			};
			name = Release;
		};
		28DEFC1215AEEE9B0096FBA4 /* Debug */ = {
			isa = XCBuildConfiguration;
			buildSettings = {
				ARCHS = "$(ARCHS_STANDARD)";
				CLANG_ENABLE_OBJC_ARC = YES;
				CODE_SIGN_IDENTITY = "Mac Developer";
				GCC_PRECOMPILE_PREFIX_HEADER = YES;
				GCC_PREFIX_HEADER = "MMFlowViewDemo/MMFlowViewDemo-Prefix.pch";
				INFOPLIST_FILE = "MMFlowViewDemo/MMFlowViewDemo-Info.plist";
				MACOSX_DEPLOYMENT_TARGET = 10.7;
				PRODUCT_NAME = "$(TARGET_NAME)";
				SDKROOT = macosx;
				WRAPPER_EXTENSION = app;
			};
			name = Debug;
		};
		28DEFC1315AEEE9B0096FBA4 /* Release */ = {
			isa = XCBuildConfiguration;
			buildSettings = {
				ARCHS = "$(ARCHS_STANDARD)";
				CLANG_ENABLE_OBJC_ARC = YES;
				CODE_SIGN_IDENTITY = "Mac Developer";
				GCC_PRECOMPILE_PREFIX_HEADER = YES;
				GCC_PREFIX_HEADER = "MMFlowViewDemo/MMFlowViewDemo-Prefix.pch";
				INFOPLIST_FILE = "MMFlowViewDemo/MMFlowViewDemo-Info.plist";
				MACOSX_DEPLOYMENT_TARGET = 10.7;
				PRODUCT_NAME = "$(TARGET_NAME)";
				SDKROOT = macosx;
				WRAPPER_EXTENSION = app;
			};
			name = Release;
		};
/* End XCBuildConfiguration section */

/* Begin XCConfigurationList section */
		28DEFBED15AEEE9A0096FBA4 /* Build configuration list for PBXProject "MMFlowViewDemo" */ = {
			isa = XCConfigurationList;
			buildConfigurations = (
				28DEFC0F15AEEE9B0096FBA4 /* Debug */,
				28DEFC1015AEEE9B0096FBA4 /* Release */,
			);
			defaultConfigurationIsVisible = 0;
			defaultConfigurationName = Release;
		};
		28DEFC1115AEEE9B0096FBA4 /* Build configuration list for PBXNativeTarget "MMFlowViewDemo" */ = {
			isa = XCConfigurationList;
			buildConfigurations = (
				28DEFC1215AEEE9B0096FBA4 /* Debug */,
				28DEFC1315AEEE9B0096FBA4 /* Release */,
			);
			defaultConfigurationIsVisible = 0;
			defaultConfigurationName = Release;
		};
/* End XCConfigurationList section */
	};
	rootObject = 28DEFBEA15AEEE9A0096FBA4 /* Project object */;
}
